// !$*UTF8*$!
{
	archiveVersion = 1;
	classes = {
	};
	objectVersion = 77;
	objects = {

/* Begin PBXBuildFile section */
		AD585EDD2E1D631B003BB6D1 /* StoreKitWrapper in Frameworks */ = {isa = PBXBuildFile; productRef = AD585EDC2E1D631B003BB6D1 /* StoreKitWrapper */; };
		AD585EE02E1D6334003BB6D1 /* LicenseListWrapper in Frameworks */ = {isa = PBXBuildFile; productRef = AD585EDF2E1D6334003BB6D1 /* LicenseListWrapper */; };
		AD6CBF242E54381800B04F84 /* SpeechWrapper in Frameworks */ = {isa = PBXBuildFile; productRef = AD6CBF232E54381800B04F84 /* SpeechWrapper */; };
		AD8961A22E749C5400A35C12 /* BestuffLibrary in Frameworks */ = {isa = PBXBuildFile; productRef = AD8961A12E749C5400A35C12 /* BestuffLibrary */; };
		AD89646B2E74B6BA00A35C12 /* WidgetKit.framework in Frameworks */ = {isa = PBXBuildFile; fileRef = AD89646A2E74B6BA00A35C12 /* WidgetKit.framework */; };
		AD89646D2E74B6BA00A35C12 /* SwiftUI.framework in Frameworks */ = {isa = PBXBuildFile; fileRef = AD89646C2E74B6BA00A35C12 /* SwiftUI.framework */; };
		AD89647E2E74B6BB00A35C12 /* WidgetsExtension.appex in Embed Foundation Extensions */ = {isa = PBXBuildFile; fileRef = AD8964682E74B6BA00A35C12 /* WidgetsExtension.appex */; settings = {ATTRIBUTES = (RemoveHeadersOnCopy, ); }; };
		AD8964872E74B8AD00A35C12 /* BestuffLibrary in Frameworks */ = {isa = PBXBuildFile; productRef = AD8964862E74B8AD00A35C12 /* BestuffLibrary */; };
		ADB088C62E51715700655540 /* SwiftAppUtilities in Frameworks */ = {isa = PBXBuildFile; productRef = ADB088C52E51715700655540 /* SwiftAppUtilities */; };
/* End PBXBuildFile section */

/* Begin PBXContainerItemProxy section */
		AD89647C2E74B6BB00A35C12 /* PBXContainerItemProxy */ = {
			isa = PBXContainerItemProxy;
			containerPortal = AD585E7F2E1D5EF1003BB6D1 /* Project object */;
			proxyType = 1;
			remoteGlobalIDString = AD8964672E74B6BA00A35C12;
			remoteInfo = WidgetsExtension;
		};
/* End PBXContainerItemProxy section */

/* Begin PBXCopyFilesBuildPhase section */
		AD8964832E74B6BB00A35C12 /* Embed Foundation Extensions */ = {
			isa = PBXCopyFilesBuildPhase;
			buildActionMask = 2147483647;
			dstPath = "";
			dstSubfolderSpec = 13;
			files = (
				AD89647E2E74B6BB00A35C12 /* WidgetsExtension.appex in Embed Foundation Extensions */,
			);
			name = "Embed Foundation Extensions";
			runOnlyForDeploymentPostprocessing = 0;
		};
/* End PBXCopyFilesBuildPhase section */

/* Begin PBXFileReference section */
		AD585E872E1D5EF1003BB6D1 /* Bestuff.app */ = {isa = PBXFileReference; explicitFileType = wrapper.application; includeInIndex = 0; path = Bestuff.app; sourceTree = BUILT_PRODUCTS_DIR; };
		AD8962832E749C9100A35C12 /* BestuffLibrary */ = {isa = PBXFileReference; lastKnownFileType = wrapper; path = BestuffLibrary; sourceTree = "<group>"; };
		AD8964682E74B6BA00A35C12 /* WidgetsExtension.appex */ = {isa = PBXFileReference; explicitFileType = "wrapper.app-extension"; includeInIndex = 0; path = WidgetsExtension.appex; sourceTree = BUILT_PRODUCTS_DIR; };
		AD89646A2E74B6BA00A35C12 /* WidgetKit.framework */ = {isa = PBXFileReference; lastKnownFileType = wrapper.framework; name = WidgetKit.framework; path = System/Library/Frameworks/WidgetKit.framework; sourceTree = SDKROOT; };
		AD89646C2E74B6BA00A35C12 /* SwiftUI.framework */ = {isa = PBXFileReference; lastKnownFileType = wrapper.framework; name = SwiftUI.framework; path = System/Library/Frameworks/SwiftUI.framework; sourceTree = SDKROOT; };
		AD8964852E74B71D00A35C12 /* WidgetsExtension.entitlements */ = {isa = PBXFileReference; lastKnownFileType = text.plist.entitlements; path = WidgetsExtension.entitlements; sourceTree = "<group>"; };
/* End PBXFileReference section */

/* Begin PBXFileSystemSynchronizedBuildFileExceptionSet section */
		AD585EAA2E1D5EF3003BB6D1 /* Exceptions for "Bestuff" folder in "Bestuff" target */ = {
			isa = PBXFileSystemSynchronizedBuildFileExceptionSet;
			membershipExceptions = (
				Configurations/Info.plist,
			);
			target = AD585E862E1D5EF1003BB6D1 /* Bestuff */;
		};
		AD8964822E74B6BB00A35C12 /* Exceptions for "Widgets" folder in "WidgetsExtension" target */ = {
			isa = PBXFileSystemSynchronizedBuildFileExceptionSet;
			membershipExceptions = (
				Info.plist,
			);
			target = AD8964672E74B6BA00A35C12 /* WidgetsExtension */;
		};
/* End PBXFileSystemSynchronizedBuildFileExceptionSet section */

/* Begin PBXFileSystemSynchronizedRootGroup section */
		AD585E892E1D5EF1003BB6D1 /* Bestuff */ = {
			isa = PBXFileSystemSynchronizedRootGroup;
			exceptions = (
				AD585EAA2E1D5EF3003BB6D1 /* Exceptions for "Bestuff" folder in "Bestuff" target */,
			);
			path = Bestuff;
			sourceTree = "<group>";
		};
		AD89646E2E74B6BA00A35C12 /* Widgets */ = {
			isa = PBXFileSystemSynchronizedRootGroup;
			exceptions = (
				AD8964822E74B6BB00A35C12 /* Exceptions for "Widgets" folder in "WidgetsExtension" target */,
			);
			path = Widgets;
			sourceTree = "<group>";
		};
/* End PBXFileSystemSynchronizedRootGroup section */

/* Begin PBXFrameworksBuildPhase section */
		AD585E842E1D5EF1003BB6D1 /* Frameworks */ = {
			isa = PBXFrameworksBuildPhase;
			buildActionMask = 2147483647;
			files = (
				AD585EE02E1D6334003BB6D1 /* LicenseListWrapper in Frameworks */,
				AD8961A22E749C5400A35C12 /* BestuffLibrary in Frameworks */,
				AD585EDD2E1D631B003BB6D1 /* StoreKitWrapper in Frameworks */,
				AD6CBF242E54381800B04F84 /* SpeechWrapper in Frameworks */,
				ADB088C62E51715700655540 /* SwiftAppUtilities in Frameworks */,
			);
			runOnlyForDeploymentPostprocessing = 0;
		};
		AD8964652E74B6BA00A35C12 /* Frameworks */ = {
			isa = PBXFrameworksBuildPhase;
			buildActionMask = 2147483647;
			files = (
				AD8964872E74B8AD00A35C12 /* BestuffLibrary in Frameworks */,
				AD89646D2E74B6BA00A35C12 /* SwiftUI.framework in Frameworks */,
				AD89646B2E74B6BA00A35C12 /* WidgetKit.framework in Frameworks */,
			);
			runOnlyForDeploymentPostprocessing = 0;
		};
/* End PBXFrameworksBuildPhase section */

/* Begin PBXGroup section */
		AD585E7E2E1D5EF1003BB6D1 = {
			isa = PBXGroup;
			children = (
				AD8964852E74B71D00A35C12 /* WidgetsExtension.entitlements */,
				AD585E892E1D5EF1003BB6D1 /* Bestuff */,
				AD8962832E749C9100A35C12 /* BestuffLibrary */,
				AD89646E2E74B6BA00A35C12 /* Widgets */,
				AD8964692E74B6BA00A35C12 /* Frameworks */,
				AD585E882E1D5EF1003BB6D1 /* Products */,
			);
			sourceTree = "<group>";
		};
		AD585E882E1D5EF1003BB6D1 /* Products */ = {
			isa = PBXGroup;
			children = (
				AD585E872E1D5EF1003BB6D1 /* Bestuff.app */,
				AD8964682E74B6BA00A35C12 /* WidgetsExtension.appex */,
			);
			name = Products;
			sourceTree = "<group>";
		};
		AD8964692E74B6BA00A35C12 /* Frameworks */ = {
			isa = PBXGroup;
			children = (
				AD89646A2E74B6BA00A35C12 /* WidgetKit.framework */,
				AD89646C2E74B6BA00A35C12 /* SwiftUI.framework */,
			);
			name = Frameworks;
			sourceTree = "<group>";
		};
/* End PBXGroup section */

/* Begin PBXNativeTarget section */
		AD585E862E1D5EF1003BB6D1 /* Bestuff */ = {
			isa = PBXNativeTarget;
			buildConfigurationList = AD585EAB2E1D5EF3003BB6D1 /* Build configuration list for PBXNativeTarget "Bestuff" */;
			buildPhases = (
				AD585E832E1D5EF1003BB6D1 /* Sources */,
				AD585E842E1D5EF1003BB6D1 /* Frameworks */,
				AD585E852E1D5EF1003BB6D1 /* Resources */,
				AD8964832E74B6BB00A35C12 /* Embed Foundation Extensions */,
			);
			buildRules = (
			);
			dependencies = (
				AD89647D2E74B6BB00A35C12 /* PBXTargetDependency */,
			);
			fileSystemSynchronizedGroups = (
				AD585E892E1D5EF1003BB6D1 /* Bestuff */,
			);
			name = Bestuff;
			packageProductDependencies = (
				AD585EDC2E1D631B003BB6D1 /* StoreKitWrapper */,
				AD585EDF2E1D6334003BB6D1 /* LicenseListWrapper */,
				ADB088C52E51715700655540 /* SwiftAppUtilities */,
				AD6CBF232E54381800B04F84 /* SpeechWrapper */,
				AD8961A12E749C5400A35C12 /* BestuffLibrary */,
			);
			productName = Bestuff;
			productReference = AD585E872E1D5EF1003BB6D1 /* Bestuff.app */;
			productType = "com.apple.product-type.application";
		};
		AD8964672E74B6BA00A35C12 /* WidgetsExtension */ = {
			isa = PBXNativeTarget;
			buildConfigurationList = AD89647F2E74B6BB00A35C12 /* Build configuration list for PBXNativeTarget "WidgetsExtension" */;
			buildPhases = (
				AD8964642E74B6BA00A35C12 /* Sources */,
				AD8964652E74B6BA00A35C12 /* Frameworks */,
				AD8964662E74B6BA00A35C12 /* Resources */,
			);
			buildRules = (
			);
			dependencies = (
			);
			fileSystemSynchronizedGroups = (
				AD89646E2E74B6BA00A35C12 /* Widgets */,
			);
			name = WidgetsExtension;
			packageProductDependencies = (
				AD8964862E74B8AD00A35C12 /* BestuffLibrary */,
			);
			productName = WidgetsExtension;
			productReference = AD8964682E74B6BA00A35C12 /* WidgetsExtension.appex */;
			productType = "com.apple.product-type.app-extension";
		};
/* End PBXNativeTarget section */

/* Begin PBXProject section */
		AD585E7F2E1D5EF1003BB6D1 /* Project object */ = {
			isa = PBXProject;
			attributes = {
				BuildIndependentTargetsInParallel = 1;
				LastSwiftUpdateCheck = 2600;
				LastUpgradeCheck = 2600;
				TargetAttributes = {
					AD585E862E1D5EF1003BB6D1 = {
						CreatedOnToolsVersion = 26.0;
					};
					AD8964672E74B6BA00A35C12 = {
						CreatedOnToolsVersion = 26.0;
					};
				};
			};
			buildConfigurationList = AD585E822E1D5EF1003BB6D1 /* Build configuration list for PBXProject "Bestuff" */;
			developmentRegion = en;
			hasScannedForEncodings = 0;
			knownRegions = (
				en,
				Base,
				ja,
			);
			mainGroup = AD585E7E2E1D5EF1003BB6D1;
			minimizedProjectReferenceProxies = 1;
			packageReferences = (
				AD585EDB2E1D631B003BB6D1 /* XCRemoteSwiftPackageReference "StoreKitWrapper" */,
				AD585EDE2E1D6334003BB6D1 /* XCRemoteSwiftPackageReference "LicenseListWrapper" */,
				ADB088C42E51715700655540 /* XCRemoteSwiftPackageReference "SwiftAppUtilities" */,
				AD6CBF222E54381800B04F84 /* XCRemoteSwiftPackageReference "SpeechWrapper" */,
				AD8961A02E749C5400A35C12 /* XCLocalSwiftPackageReference "BestuffLibrary" */,
			);
			preferredProjectObjectVersion = 77;
			productRefGroup = AD585E882E1D5EF1003BB6D1 /* Products */;
			projectDirPath = "";
			projectRoot = "";
			targets = (
				AD585E862E1D5EF1003BB6D1 /* Bestuff */,
				AD8964672E74B6BA00A35C12 /* WidgetsExtension */,
			);
		};
/* End PBXProject section */

/* Begin PBXResourcesBuildPhase section */
		AD585E852E1D5EF1003BB6D1 /* Resources */ = {
			isa = PBXResourcesBuildPhase;
			buildActionMask = 2147483647;
			files = (
			);
			runOnlyForDeploymentPostprocessing = 0;
		};
		AD8964662E74B6BA00A35C12 /* Resources */ = {
			isa = PBXResourcesBuildPhase;
			buildActionMask = 2147483647;
			files = (
			);
			runOnlyForDeploymentPostprocessing = 0;
		};
/* End PBXResourcesBuildPhase section */

/* Begin PBXSourcesBuildPhase section */
		AD585E832E1D5EF1003BB6D1 /* Sources */ = {
			isa = PBXSourcesBuildPhase;
			buildActionMask = 2147483647;
			files = (
			);
			runOnlyForDeploymentPostprocessing = 0;
		};
		AD8964642E74B6BA00A35C12 /* Sources */ = {
			isa = PBXSourcesBuildPhase;
			buildActionMask = 2147483647;
			files = (
			);
			runOnlyForDeploymentPostprocessing = 0;
		};
/* End PBXSourcesBuildPhase section */

/* Begin PBXTargetDependency section */
		AD89647D2E74B6BB00A35C12 /* PBXTargetDependency */ = {
			isa = PBXTargetDependency;
			target = AD8964672E74B6BA00A35C12 /* WidgetsExtension */;
			targetProxy = AD89647C2E74B6BB00A35C12 /* PBXContainerItemProxy */;
		};
/* End PBXTargetDependency section */

/* Begin XCBuildConfiguration section */
		AD585EAC2E1D5EF3003BB6D1 /* Debug */ = {
			isa = XCBuildConfiguration;
			buildSettings = {
				ASSETCATALOG_COMPILER_APPICON_NAME = AppIcon;
				ASSETCATALOG_COMPILER_GLOBAL_ACCENT_COLOR_NAME = AccentColor;
				CODE_SIGN_ENTITLEMENTS = Bestuff/Bestuff.entitlements;
				CODE_SIGN_STYLE = Automatic;
				CURRENT_PROJECT_VERSION = 1;
				DEVELOPMENT_TEAM = 66PKF55HK5;
				ENABLE_APP_SANDBOX = YES;
				ENABLE_HARDENED_RUNTIME = YES;
				ENABLE_PREVIEWS = YES;
				ENABLE_USER_SELECTED_FILES = readonly;
				GENERATE_INFOPLIST_FILE = YES;
				INFOPLIST_FILE = Bestuff/Configurations/Info.plist;
				INFOPLIST_KEY_ITSAppUsesNonExemptEncryption = NO;
				INFOPLIST_KEY_NSCalendarsUsageDescription = "Add and edit events from your plans.";
				INFOPLIST_KEY_NSMicrophoneUsageDescription = "Microphone access is needed to use voice input and related features.";
				INFOPLIST_KEY_NSRemindersUsageDescription = "Create reminders from your plans.";
				INFOPLIST_KEY_NSSpeechRecognitionUsageDescription = "Speech recognition access is needed for voice input and processing.";
				"INFOPLIST_KEY_UIApplicationSceneManifest_Generation[sdk=iphoneos*]" = YES;
				"INFOPLIST_KEY_UIApplicationSceneManifest_Generation[sdk=iphonesimulator*]" = YES;
				"INFOPLIST_KEY_UIApplicationSupportsIndirectInputEvents[sdk=iphoneos*]" = YES;
				"INFOPLIST_KEY_UIApplicationSupportsIndirectInputEvents[sdk=iphonesimulator*]" = YES;
				"INFOPLIST_KEY_UILaunchScreen_Generation[sdk=iphoneos*]" = YES;
				"INFOPLIST_KEY_UILaunchScreen_Generation[sdk=iphonesimulator*]" = YES;
				"INFOPLIST_KEY_UIStatusBarStyle[sdk=iphoneos*]" = UIStatusBarStyleDefault;
				"INFOPLIST_KEY_UIStatusBarStyle[sdk=iphonesimulator*]" = UIStatusBarStyleDefault;
				INFOPLIST_KEY_UISupportedInterfaceOrientations_iPad = "UIInterfaceOrientationPortrait UIInterfaceOrientationPortraitUpsideDown UIInterfaceOrientationLandscapeLeft UIInterfaceOrientationLandscapeRight";
				INFOPLIST_KEY_UISupportedInterfaceOrientations_iPhone = "UIInterfaceOrientationPortrait UIInterfaceOrientationLandscapeLeft UIInterfaceOrientationLandscapeRight";
				IPHONEOS_DEPLOYMENT_TARGET = 26.0;
				LD_RUNPATH_SEARCH_PATHS = "@executable_path/Frameworks";
				"LD_RUNPATH_SEARCH_PATHS[sdk=macosx*]" = "@executable_path/../Frameworks";
				MACOSX_DEPLOYMENT_TARGET = 26.0;
				MARKETING_VERSION = 1.0;
				PRODUCT_BUNDLE_IDENTIFIER = com.muhiro12.Bestuff;
				PRODUCT_NAME = "$(TARGET_NAME)";
				REGISTER_APP_GROUPS = YES;
				SDKROOT = auto;
				STRING_CATALOG_GENERATE_SYMBOLS = YES;
				SUPPORTED_PLATFORMS = "iphoneos iphonesimulator macosx xros xrsimulator";
				SWIFT_APPROACHABLE_CONCURRENCY = YES;
				SWIFT_DEFAULT_ACTOR_ISOLATION = MainActor;
				SWIFT_EMIT_LOC_STRINGS = YES;
				SWIFT_UPCOMING_FEATURE_MEMBER_IMPORT_VISIBILITY = YES;
				SWIFT_VERSION = 6.0;
				TARGETED_DEVICE_FAMILY = "1,2,7";
				XROS_DEPLOYMENT_TARGET = 26.0;
			};
			name = Debug;
		};
		AD585EAD2E1D5EF3003BB6D1 /* Release */ = {
			isa = XCBuildConfiguration;
			buildSettings = {
				ASSETCATALOG_COMPILER_APPICON_NAME = AppIcon;
				ASSETCATALOG_COMPILER_GLOBAL_ACCENT_COLOR_NAME = AccentColor;
				CODE_SIGN_ENTITLEMENTS = Bestuff/Bestuff.entitlements;
				CODE_SIGN_STYLE = Automatic;
				CURRENT_PROJECT_VERSION = 1;
				DEVELOPMENT_TEAM = 66PKF55HK5;
				ENABLE_APP_SANDBOX = YES;
				ENABLE_HARDENED_RUNTIME = YES;
				ENABLE_PREVIEWS = YES;
				ENABLE_USER_SELECTED_FILES = readonly;
				GENERATE_INFOPLIST_FILE = YES;
				INFOPLIST_FILE = Bestuff/Configurations/Info.plist;
				INFOPLIST_KEY_ITSAppUsesNonExemptEncryption = NO;
				INFOPLIST_KEY_NSCalendarsUsageDescription = "Add and edit events from your plans.";
				INFOPLIST_KEY_NSMicrophoneUsageDescription = "Microphone access is needed to use voice input and related features.";
				INFOPLIST_KEY_NSRemindersUsageDescription = "Create reminders from your plans.";
				INFOPLIST_KEY_NSSpeechRecognitionUsageDescription = "Speech recognition access is needed for voice input and processing.";
				"INFOPLIST_KEY_UIApplicationSceneManifest_Generation[sdk=iphoneos*]" = YES;
				"INFOPLIST_KEY_UIApplicationSceneManifest_Generation[sdk=iphonesimulator*]" = YES;
				"INFOPLIST_KEY_UIApplicationSupportsIndirectInputEvents[sdk=iphoneos*]" = YES;
				"INFOPLIST_KEY_UIApplicationSupportsIndirectInputEvents[sdk=iphonesimulator*]" = YES;
				"INFOPLIST_KEY_UILaunchScreen_Generation[sdk=iphoneos*]" = YES;
				"INFOPLIST_KEY_UILaunchScreen_Generation[sdk=iphonesimulator*]" = YES;
				"INFOPLIST_KEY_UIStatusBarStyle[sdk=iphoneos*]" = UIStatusBarStyleDefault;
				"INFOPLIST_KEY_UIStatusBarStyle[sdk=iphonesimulator*]" = UIStatusBarStyleDefault;
				INFOPLIST_KEY_UISupportedInterfaceOrientations_iPad = "UIInterfaceOrientationPortrait UIInterfaceOrientationPortraitUpsideDown UIInterfaceOrientationLandscapeLeft UIInterfaceOrientationLandscapeRight";
				INFOPLIST_KEY_UISupportedInterfaceOrientations_iPhone = "UIInterfaceOrientationPortrait UIInterfaceOrientationLandscapeLeft UIInterfaceOrientationLandscapeRight";
				IPHONEOS_DEPLOYMENT_TARGET = 26.0;
				LD_RUNPATH_SEARCH_PATHS = "@executable_path/Frameworks";
				"LD_RUNPATH_SEARCH_PATHS[sdk=macosx*]" = "@executable_path/../Frameworks";
				MACOSX_DEPLOYMENT_TARGET = 26.0;
				MARKETING_VERSION = 1.0;
				PRODUCT_BUNDLE_IDENTIFIER = com.muhiro12.Bestuff;
				PRODUCT_NAME = "$(TARGET_NAME)";
				REGISTER_APP_GROUPS = YES;
				SDKROOT = auto;
				STRING_CATALOG_GENERATE_SYMBOLS = YES;
				SUPPORTED_PLATFORMS = "iphoneos iphonesimulator macosx xros xrsimulator";
				SWIFT_APPROACHABLE_CONCURRENCY = YES;
				SWIFT_DEFAULT_ACTOR_ISOLATION = MainActor;
				SWIFT_EMIT_LOC_STRINGS = YES;
				SWIFT_UPCOMING_FEATURE_MEMBER_IMPORT_VISIBILITY = YES;
				SWIFT_VERSION = 6.0;
				TARGETED_DEVICE_FAMILY = "1,2,7";
				XROS_DEPLOYMENT_TARGET = 26.0;
			};
			name = Release;
		};
		AD585EAE2E1D5EF3003BB6D1 /* Debug */ = {
			isa = XCBuildConfiguration;
			buildSettings = {
				ALWAYS_SEARCH_USER_PATHS = NO;
				ASSETCATALOG_COMPILER_GENERATE_SWIFT_ASSET_SYMBOL_EXTENSIONS = YES;
				CLANG_ANALYZER_NONNULL = YES;
				CLANG_ANALYZER_NUMBER_OBJECT_CONVERSION = YES_AGGRESSIVE;
				CLANG_CXX_LANGUAGE_STANDARD = "gnu++20";
				CLANG_ENABLE_MODULES = YES;
				CLANG_ENABLE_OBJC_ARC = YES;
				CLANG_ENABLE_OBJC_WEAK = YES;
				CLANG_WARN_BLOCK_CAPTURE_AUTORELEASING = YES;
				CLANG_WARN_BOOL_CONVERSION = YES;
				CLANG_WARN_COMMA = YES;
				CLANG_WARN_CONSTANT_CONVERSION = YES;
				CLANG_WARN_DEPRECATED_OBJC_IMPLEMENTATIONS = YES;
				CLANG_WARN_DIRECT_OBJC_ISA_USAGE = YES_ERROR;
				CLANG_WARN_DOCUMENTATION_COMMENTS = YES;
				CLANG_WARN_EMPTY_BODY = YES;
				CLANG_WARN_ENUM_CONVERSION = YES;
				CLANG_WARN_INFINITE_RECURSION = YES;
				CLANG_WARN_INT_CONVERSION = YES;
				CLANG_WARN_NON_LITERAL_NULL_CONVERSION = YES;
				CLANG_WARN_OBJC_IMPLICIT_RETAIN_SELF = YES;
				CLANG_WARN_OBJC_LITERAL_CONVERSION = YES;
				CLANG_WARN_OBJC_ROOT_CLASS = YES_ERROR;
				CLANG_WARN_QUOTED_INCLUDE_IN_FRAMEWORK_HEADER = YES;
				CLANG_WARN_RANGE_LOOP_ANALYSIS = YES;
				CLANG_WARN_STRICT_PROTOTYPES = YES;
				CLANG_WARN_SUSPICIOUS_MOVE = YES;
				CLANG_WARN_UNGUARDED_AVAILABILITY = YES_AGGRESSIVE;
				CLANG_WARN_UNREACHABLE_CODE = YES;
				CLANG_WARN__DUPLICATE_METHOD_MATCH = YES;
				COPY_PHASE_STRIP = NO;
				DEBUG_INFORMATION_FORMAT = dwarf;
				DEVELOPMENT_TEAM = 66PKF55HK5;
				ENABLE_STRICT_OBJC_MSGSEND = YES;
				ENABLE_TESTABILITY = YES;
				ENABLE_USER_SCRIPT_SANDBOXING = YES;
				GCC_C_LANGUAGE_STANDARD = gnu17;
				GCC_DYNAMIC_NO_PIC = NO;
				GCC_NO_COMMON_BLOCKS = YES;
				GCC_OPTIMIZATION_LEVEL = 0;
				GCC_PREPROCESSOR_DEFINITIONS = (
					"DEBUG=1",
					"$(inherited)",
				);
				GCC_WARN_64_TO_32_BIT_CONVERSION = YES;
				GCC_WARN_ABOUT_RETURN_TYPE = YES_ERROR;
				GCC_WARN_UNDECLARED_SELECTOR = YES;
				GCC_WARN_UNINITIALIZED_AUTOS = YES_AGGRESSIVE;
				GCC_WARN_UNUSED_FUNCTION = YES;
				GCC_WARN_UNUSED_VARIABLE = YES;
				LOCALIZATION_PREFERS_STRING_CATALOGS = YES;
				MTL_ENABLE_DEBUG_INFO = INCLUDE_SOURCE;
				MTL_FAST_MATH = YES;
				ONLY_ACTIVE_ARCH = YES;
				SWIFT_ACTIVE_COMPILATION_CONDITIONS = "DEBUG $(inherited)";
				SWIFT_OPTIMIZATION_LEVEL = "-Onone";
			};
			name = Debug;
		};
		AD585EAF2E1D5EF3003BB6D1 /* Release */ = {
			isa = XCBuildConfiguration;
			buildSettings = {
				ALWAYS_SEARCH_USER_PATHS = NO;
				ASSETCATALOG_COMPILER_GENERATE_SWIFT_ASSET_SYMBOL_EXTENSIONS = YES;
				CLANG_ANALYZER_NONNULL = YES;
				CLANG_ANALYZER_NUMBER_OBJECT_CONVERSION = YES_AGGRESSIVE;
				CLANG_CXX_LANGUAGE_STANDARD = "gnu++20";
				CLANG_ENABLE_MODULES = YES;
				CLANG_ENABLE_OBJC_ARC = YES;
				CLANG_ENABLE_OBJC_WEAK = YES;
				CLANG_WARN_BLOCK_CAPTURE_AUTORELEASING = YES;
				CLANG_WARN_BOOL_CONVERSION = YES;
				CLANG_WARN_COMMA = YES;
				CLANG_WARN_CONSTANT_CONVERSION = YES;
				CLANG_WARN_DEPRECATED_OBJC_IMPLEMENTATIONS = YES;
				CLANG_WARN_DIRECT_OBJC_ISA_USAGE = YES_ERROR;
				CLANG_WARN_DOCUMENTATION_COMMENTS = YES;
				CLANG_WARN_EMPTY_BODY = YES;
				CLANG_WARN_ENUM_CONVERSION = YES;
				CLANG_WARN_INFINITE_RECURSION = YES;
				CLANG_WARN_INT_CONVERSION = YES;
				CLANG_WARN_NON_LITERAL_NULL_CONVERSION = YES;
				CLANG_WARN_OBJC_IMPLICIT_RETAIN_SELF = YES;
				CLANG_WARN_OBJC_LITERAL_CONVERSION = YES;
				CLANG_WARN_OBJC_ROOT_CLASS = YES_ERROR;
				CLANG_WARN_QUOTED_INCLUDE_IN_FRAMEWORK_HEADER = YES;
				CLANG_WARN_RANGE_LOOP_ANALYSIS = YES;
				CLANG_WARN_STRICT_PROTOTYPES = YES;
				CLANG_WARN_SUSPICIOUS_MOVE = YES;
				CLANG_WARN_UNGUARDED_AVAILABILITY = YES_AGGRESSIVE;
				CLANG_WARN_UNREACHABLE_CODE = YES;
				CLANG_WARN__DUPLICATE_METHOD_MATCH = YES;
				COPY_PHASE_STRIP = NO;
				DEBUG_INFORMATION_FORMAT = "dwarf-with-dsym";
				DEVELOPMENT_TEAM = 66PKF55HK5;
				ENABLE_NS_ASSERTIONS = NO;
				ENABLE_STRICT_OBJC_MSGSEND = YES;
				ENABLE_USER_SCRIPT_SANDBOXING = YES;
				GCC_C_LANGUAGE_STANDARD = gnu17;
				GCC_NO_COMMON_BLOCKS = YES;
				GCC_WARN_64_TO_32_BIT_CONVERSION = YES;
				GCC_WARN_ABOUT_RETURN_TYPE = YES_ERROR;
				GCC_WARN_UNDECLARED_SELECTOR = YES;
				GCC_WARN_UNINITIALIZED_AUTOS = YES_AGGRESSIVE;
				GCC_WARN_UNUSED_FUNCTION = YES;
				GCC_WARN_UNUSED_VARIABLE = YES;
				LOCALIZATION_PREFERS_STRING_CATALOGS = YES;
				MTL_ENABLE_DEBUG_INFO = NO;
				MTL_FAST_MATH = YES;
				SWIFT_COMPILATION_MODE = wholemodule;
			};
			name = Release;
		};
		AD8964802E74B6BB00A35C12 /* Debug */ = {
			isa = XCBuildConfiguration;
			buildSettings = {
				ASSETCATALOG_COMPILER_GLOBAL_ACCENT_COLOR_NAME = AccentColor;
				ASSETCATALOG_COMPILER_WIDGET_BACKGROUND_COLOR_NAME = WidgetBackground;
				CODE_SIGN_ENTITLEMENTS = WidgetsExtension.entitlements;
				CODE_SIGN_STYLE = Automatic;
				CURRENT_PROJECT_VERSION = 1;
				DEVELOPMENT_TEAM = 66PKF55HK5;
				GENERATE_INFOPLIST_FILE = YES;
				INFOPLIST_FILE = Widgets/Info.plist;
				INFOPLIST_KEY_CFBundleDisplayName = Widgets;
				INFOPLIST_KEY_NSHumanReadableCopyright = "";
				IPHONEOS_DEPLOYMENT_TARGET = 26.0;
				LD_RUNPATH_SEARCH_PATHS = (
					"$(inherited)",
					"@executable_path/Frameworks",
					"@executable_path/../../Frameworks",
				);
				MARKETING_VERSION = 1.0;
				PRODUCT_BUNDLE_IDENTIFIER = com.muhiro12.Bestuff.Widgets;
				PRODUCT_NAME = "$(TARGET_NAME)";
				SDKROOT = iphoneos;
				SKIP_INSTALL = YES;
				STRING_CATALOG_GENERATE_SYMBOLS = YES;
				SWIFT_APPROACHABLE_CONCURRENCY = YES;
				SWIFT_DEFAULT_ACTOR_ISOLATION = MainActor;
				SWIFT_EMIT_LOC_STRINGS = YES;
				SWIFT_UPCOMING_FEATURE_MEMBER_IMPORT_VISIBILITY = YES;
				SWIFT_VERSION = 6.0;
				TARGETED_DEVICE_FAMILY = "1,2";
			};
			name = Debug;
		};
		AD8964812E74B6BB00A35C12 /* Release */ = {
			isa = XCBuildConfiguration;
			buildSettings = {
				ASSETCATALOG_COMPILER_GLOBAL_ACCENT_COLOR_NAME = AccentColor;
				ASSETCATALOG_COMPILER_WIDGET_BACKGROUND_COLOR_NAME = WidgetBackground;
				CODE_SIGN_ENTITLEMENTS = WidgetsExtension.entitlements;
				CODE_SIGN_STYLE = Automatic;
				CURRENT_PROJECT_VERSION = 1;
				DEVELOPMENT_TEAM = 66PKF55HK5;
				GENERATE_INFOPLIST_FILE = YES;
				INFOPLIST_FILE = Widgets/Info.plist;
				INFOPLIST_KEY_CFBundleDisplayName = Widgets;
				INFOPLIST_KEY_NSHumanReadableCopyright = "";
				IPHONEOS_DEPLOYMENT_TARGET = 26.0;
				LD_RUNPATH_SEARCH_PATHS = (
					"$(inherited)",
					"@executable_path/Frameworks",
					"@executable_path/../../Frameworks",
				);
				MARKETING_VERSION = 1.0;
				PRODUCT_BUNDLE_IDENTIFIER = com.muhiro12.Bestuff.Widgets;
				PRODUCT_NAME = "$(TARGET_NAME)";
				SDKROOT = iphoneos;
				SKIP_INSTALL = YES;
				STRING_CATALOG_GENERATE_SYMBOLS = YES;
				SWIFT_APPROACHABLE_CONCURRENCY = YES;
				SWIFT_DEFAULT_ACTOR_ISOLATION = MainActor;
				SWIFT_EMIT_LOC_STRINGS = YES;
				SWIFT_UPCOMING_FEATURE_MEMBER_IMPORT_VISIBILITY = YES;
				SWIFT_VERSION = 6.0;
				TARGETED_DEVICE_FAMILY = "1,2";
				VALIDATE_PRODUCT = YES;
			};
			name = Release;
		};
/* End XCBuildConfiguration section */

/* Begin XCConfigurationList section */
		AD585E822E1D5EF1003BB6D1 /* Build configuration list for PBXProject "Bestuff" */ = {
			isa = XCConfigurationList;
			buildConfigurations = (
				AD585EAE2E1D5EF3003BB6D1 /* Debug */,
				AD585EAF2E1D5EF3003BB6D1 /* Release */,
			);
			defaultConfigurationIsVisible = 0;
			defaultConfigurationName = Release;
		};
		AD585EAB2E1D5EF3003BB6D1 /* Build configuration list for PBXNativeTarget "Bestuff" */ = {
			isa = XCConfigurationList;
			buildConfigurations = (
				AD585EAC2E1D5EF3003BB6D1 /* Debug */,
				AD585EAD2E1D5EF3003BB6D1 /* Release */,
			);
			defaultConfigurationIsVisible = 0;
			defaultConfigurationName = Release;
		};
		AD89647F2E74B6BB00A35C12 /* Build configuration list for PBXNativeTarget "WidgetsExtension" */ = {
			isa = XCConfigurationList;
			buildConfigurations = (
				AD8964802E74B6BB00A35C12 /* Debug */,
				AD8964812E74B6BB00A35C12 /* Release */,
			);
			defaultConfigurationIsVisible = 0;
			defaultConfigurationName = Release;
		};
/* End XCConfigurationList section */

/* Begin XCLocalSwiftPackageReference section */
		AD8961A02E749C5400A35C12 /* XCLocalSwiftPackageReference "BestuffLibrary" */ = {
			isa = XCLocalSwiftPackageReference;
			relativePath = BestuffLibrary;
		};
/* End XCLocalSwiftPackageReference section */

/* Begin XCRemoteSwiftPackageReference section */
		AD585EDB2E1D631B003BB6D1 /* XCRemoteSwiftPackageReference "StoreKitWrapper" */ = {
			isa = XCRemoteSwiftPackageReference;
			repositoryURL = "https://github.com/muhiro12/StoreKitWrapper";
			requirement = {
				kind = upToNextMajorVersion;
				minimumVersion = 1.0.0;
			};
		};
		AD585EDE2E1D6334003BB6D1 /* XCRemoteSwiftPackageReference "LicenseListWrapper" */ = {
			isa = XCRemoteSwiftPackageReference;
			repositoryURL = "https://github.com/muhiro12/LicenseListWrapper";
			requirement = {
				kind = upToNextMajorVersion;
				minimumVersion = 1.0.0;
			};
		};
		AD6CBF222E54381800B04F84 /* XCRemoteSwiftPackageReference "SpeechWrapper" */ = {
			isa = XCRemoteSwiftPackageReference;
			repositoryURL = "https://github.com/muhiro12/SpeechWrapper";
			requirement = {
				kind = upToNextMajorVersion;
				minimumVersion = 1.0.0;
			};
		};
		ADB088C42E51715700655540 /* XCRemoteSwiftPackageReference "SwiftAppUtilities" */ = {
			isa = XCRemoteSwiftPackageReference;
			repositoryURL = "https://github.com/muhiro12/SwiftAppUtilities";
			requirement = {
				kind = upToNextMajorVersion;
				minimumVersion = 1.0.0;
			};
		};
/* End XCRemoteSwiftPackageReference section */

/* Begin XCSwiftPackageProductDependency section */
		AD585EDC2E1D631B003BB6D1 /* StoreKitWrapper */ = {
			isa = XCSwiftPackageProductDependency;
			package = AD585EDB2E1D631B003BB6D1 /* XCRemoteSwiftPackageReference "StoreKitWrapper" */;
			productName = StoreKitWrapper;
		};
		AD585EDF2E1D6334003BB6D1 /* LicenseListWrapper */ = {
			isa = XCSwiftPackageProductDependency;
			package = AD585EDE2E1D6334003BB6D1 /* XCRemoteSwiftPackageReference "LicenseListWrapper" */;
			productName = LicenseListWrapper;
		};
		AD6CBF232E54381800B04F84 /* SpeechWrapper */ = {
			isa = XCSwiftPackageProductDependency;
			package = AD6CBF222E54381800B04F84 /* XCRemoteSwiftPackageReference "SpeechWrapper" */;
			productName = SpeechWrapper;
		};
		AD8961A12E749C5400A35C12 /* BestuffLibrary */ = {
			isa = XCSwiftPackageProductDependency;
			productName = BestuffLibrary;
		};
		AD8964862E74B8AD00A35C12 /* BestuffLibrary */ = {
			isa = XCSwiftPackageProductDependency;
			productName = BestuffLibrary;
		};
		ADB088C52E51715700655540 /* SwiftAppUtilities */ = {
			isa = XCSwiftPackageProductDependency;
			package = ADB088C42E51715700655540 /* XCRemoteSwiftPackageReference "SwiftAppUtilities" */;
			productName = SwiftAppUtilities;
		};
/* End XCSwiftPackageProductDependency section */
	};
	rootObject = AD585E7F2E1D5EF1003BB6D1 /* Project object */;
}
