// !$*UTF8*$!
{
	archiveVersion = 1;
	classes = {
	};
	objectVersion = 77;
	objects = {

/* Begin PBXBuildFile section */
		AD585EDA2E1D62FD003BB6D1 /* SwiftUtilities in Frameworks */ = {isa = PBXBuildFile; productRef = AD585ED92E1D62FD003BB6D1 /* SwiftUtilities */; };
		AD585EDD2E1D631B003BB6D1 /* StoreKitWrapper in Frameworks */ = {isa = PBXBuildFile; productRef = AD585EDC2E1D631B003BB6D1 /* StoreKitWrapper */; };
		AD585EE02E1D6334003BB6D1 /* LicenseListWrapper in Frameworks */ = {isa = PBXBuildFile; productRef = AD585EDF2E1D6334003BB6D1 /* LicenseListWrapper */; };
/* End PBXBuildFile section */

/* Begin PBXContainerItemProxy section */
		AD585E992E1D5EF3003BB6D1 /* PBXContainerItemProxy */ = {
			isa = PBXContainerItemProxy;
			containerPortal = AD585E7F2E1D5EF1003BB6D1 /* Project object */;
			proxyType = 1;
			remoteGlobalIDString = AD585E862E1D5EF1003BB6D1;
			remoteInfo = Bestuff;
		};
		AD585EA32E1D5EF3003BB6D1 /* PBXContainerItemProxy */ = {
			isa = PBXContainerItemProxy;
			containerPortal = AD585E7F2E1D5EF1003BB6D1 /* Project object */;
			proxyType = 1;
			remoteGlobalIDString = AD585E862E1D5EF1003BB6D1;
			remoteInfo = Bestuff;
		};
/* End PBXContainerItemProxy section */

/* Begin PBXFileReference section */
		AD585E872E1D5EF1003BB6D1 /* Bestuff.app */ = {isa = PBXFileReference; explicitFileType = wrapper.application; includeInIndex = 0; path = Bestuff.app; sourceTree = BUILT_PRODUCTS_DIR; };
		AD585E982E1D5EF3003BB6D1 /* BestuffTests.xctest */ = {isa = PBXFileReference; explicitFileType = wrapper.cfbundle; includeInIndex = 0; path = BestuffTests.xctest; sourceTree = BUILT_PRODUCTS_DIR; };
		AD585EA22E1D5EF3003BB6D1 /* BestuffUITests.xctest */ = {isa = PBXFileReference; explicitFileType = wrapper.cfbundle; includeInIndex = 0; path = BestuffUITests.xctest; sourceTree = BUILT_PRODUCTS_DIR; };
/* End PBXFileReference section */

/* Begin PBXFileSystemSynchronizedBuildFileExceptionSet section */
		AD585EAA2E1D5EF3003BB6D1 /* Exceptions for "Bestuff" folder in "Bestuff" target */ = {
			isa = PBXFileSystemSynchronizedBuildFileExceptionSet;
			membershipExceptions = (
				Info.plist,
			);
			target = AD585E862E1D5EF1003BB6D1 /* Bestuff */;
		};
/* End PBXFileSystemSynchronizedBuildFileExceptionSet section */

/* Begin PBXFileSystemSynchronizedRootGroup section */
		AD585E892E1D5EF1003BB6D1 /* Bestuff */ = {
			isa = PBXFileSystemSynchronizedRootGroup;
			exceptions = (
				AD585EAA2E1D5EF3003BB6D1 /* Exceptions for "Bestuff" folder in "Bestuff" target */,
			);
			path = Bestuff;
			sourceTree = "<group>";
		};
		AD585E9B2E1D5EF3003BB6D1 /* BestuffTests */ = {
			isa = PBXFileSystemSynchronizedRootGroup;
			path = BestuffTests;
			sourceTree = "<group>";
		};
		AD585EA52E1D5EF3003BB6D1 /* BestuffUITests */ = {
			isa = PBXFileSystemSynchronizedRootGroup;
			path = BestuffUITests;
			sourceTree = "<group>";
		};
/* End PBXFileSystemSynchronizedRootGroup section */

/* Begin PBXFrameworksBuildPhase section */
		AD585E842E1D5EF1003BB6D1 /* Frameworks */ = {
			isa = PBXFrameworksBuildPhase;
			buildActionMask = 2147483647;
			files = (
				AD585EDA2E1D62FD003BB6D1 /* SwiftUtilities in Frameworks */,
				AD585EE02E1D6334003BB6D1 /* LicenseListWrapper in Frameworks */,
				AD585EDD2E1D631B003BB6D1 /* StoreKitWrapper in Frameworks */,
			);
			runOnlyForDeploymentPostprocessing = 0;
		};
		AD585E952E1D5EF3003BB6D1 /* Frameworks */ = {
			isa = PBXFrameworksBuildPhase;
			buildActionMask = 2147483647;
			files = (
			);
			runOnlyForDeploymentPostprocessing = 0;
		};
		AD585E9F2E1D5EF3003BB6D1 /* Frameworks */ = {
			isa = PBXFrameworksBuildPhase;
			buildActionMask = 2147483647;
			files = (
			);
			runOnlyForDeploymentPostprocessing = 0;
		};
/* End PBXFrameworksBuildPhase section */

/* Begin PBXGroup section */
		AD585E7E2E1D5EF1003BB6D1 = {
			isa = PBXGroup;
			children = (
				AD585E892E1D5EF1003BB6D1 /* Bestuff */,
				AD585E9B2E1D5EF3003BB6D1 /* BestuffTests */,
				AD585EA52E1D5EF3003BB6D1 /* BestuffUITests */,
				AD585E882E1D5EF1003BB6D1 /* Products */,
			);
			sourceTree = "<group>";
		};
		AD585E882E1D5EF1003BB6D1 /* Products */ = {
			isa = PBXGroup;
			children = (
				AD585E872E1D5EF1003BB6D1 /* Bestuff.app */,
				AD585E982E1D5EF3003BB6D1 /* BestuffTests.xctest */,
				AD585EA22E1D5EF3003BB6D1 /* BestuffUITests.xctest */,
			);
			name = Products;
			sourceTree = "<group>";
		};
/* End PBXGroup section */

/* Begin PBXNativeTarget section */
		AD585E862E1D5EF1003BB6D1 /* Bestuff */ = {
			isa = PBXNativeTarget;
			buildConfigurationList = AD585EAB2E1D5EF3003BB6D1 /* Build configuration list for PBXNativeTarget "Bestuff" */;
			buildPhases = (
				AD585E832E1D5EF1003BB6D1 /* Sources */,
				AD585E842E1D5EF1003BB6D1 /* Frameworks */,
				AD585E852E1D5EF1003BB6D1 /* Resources */,
			);
			buildRules = (
			);
			dependencies = (
			);
			fileSystemSynchronizedGroups = (
				AD585E892E1D5EF1003BB6D1 /* Bestuff */,
			);
			name = Bestuff;
			packageProductDependencies = (
				AD585ED92E1D62FD003BB6D1 /* SwiftUtilities */,
				AD585EDC2E1D631B003BB6D1 /* StoreKitWrapper */,
				AD585EDF2E1D6334003BB6D1 /* LicenseListWrapper */,
			);
			productName = Bestuff;
			productReference = AD585E872E1D5EF1003BB6D1 /* Bestuff.app */;
			productType = "com.apple.product-type.application";
		};
		AD585E972E1D5EF3003BB6D1 /* BestuffTests */ = {
			isa = PBXNativeTarget;
			buildConfigurationList = AD585EB02E1D5EF3003BB6D1 /* Build configuration list for PBXNativeTarget "BestuffTests" */;
			buildPhases = (
				AD585E942E1D5EF3003BB6D1 /* Sources */,
				AD585E952E1D5EF3003BB6D1 /* Frameworks */,
				AD585E962E1D5EF3003BB6D1 /* Resources */,
			);
			buildRules = (
			);
			dependencies = (
				AD585E9A2E1D5EF3003BB6D1 /* PBXTargetDependency */,
			);
			fileSystemSynchronizedGroups = (
				AD585E9B2E1D5EF3003BB6D1 /* BestuffTests */,
			);
			name = BestuffTests;
			packageProductDependencies = (
			);
			productName = BestuffTests;
			productReference = AD585E982E1D5EF3003BB6D1 /* BestuffTests.xctest */;
			productType = "com.apple.product-type.bundle.unit-test";
		};
		AD585EA12E1D5EF3003BB6D1 /* BestuffUITests */ = {
			isa = PBXNativeTarget;
			buildConfigurationList = AD585EB32E1D5EF3003BB6D1 /* Build configuration list for PBXNativeTarget "BestuffUITests" */;
			buildPhases = (
				AD585E9E2E1D5EF3003BB6D1 /* Sources */,
				AD585E9F2E1D5EF3003BB6D1 /* Frameworks */,
				AD585EA02E1D5EF3003BB6D1 /* Resources */,
			);
			buildRules = (
			);
			dependencies = (
				AD585EA42E1D5EF3003BB6D1 /* PBXTargetDependency */,
			);
			fileSystemSynchronizedGroups = (
				AD585EA52E1D5EF3003BB6D1 /* BestuffUITests */,
			);
			name = BestuffUITests;
			packageProductDependencies = (
			);
			productName = BestuffUITests;
			productReference = AD585EA22E1D5EF3003BB6D1 /* BestuffUITests.xctest */;
			productType = "com.apple.product-type.bundle.ui-testing";
		};
/* End PBXNativeTarget section */

/* Begin PBXProject section */
		AD585E7F2E1D5EF1003BB6D1 /* Project object */ = {
			isa = PBXProject;
			attributes = {
				BuildIndependentTargetsInParallel = 1;
				LastSwiftUpdateCheck = 2600;
				LastUpgradeCheck = 2600;
				TargetAttributes = {
					AD585E862E1D5EF1003BB6D1 = {
						CreatedOnToolsVersion = 26.0;
					};
					AD585E972E1D5EF3003BB6D1 = {
						CreatedOnToolsVersion = 26.0;
						TestTargetID = AD585E862E1D5EF1003BB6D1;
					};
					AD585EA12E1D5EF3003BB6D1 = {
						CreatedOnToolsVersion = 26.0;
						TestTargetID = AD585E862E1D5EF1003BB6D1;
					};
				};
			};
			buildConfigurationList = AD585E822E1D5EF1003BB6D1 /* Build configuration list for PBXProject "Bestuff" */;
			developmentRegion = en;
			hasScannedForEncodings = 0;
			knownRegions = (
				en,
				Base,
			);
			mainGroup = AD585E7E2E1D5EF1003BB6D1;
			minimizedProjectReferenceProxies = 1;
			packageReferences = (
				AD585ED82E1D62FD003BB6D1 /* XCRemoteSwiftPackageReference "SwiftUtilities" */,
				AD585EDB2E1D631B003BB6D1 /* XCRemoteSwiftPackageReference "StoreKitWrapper" */,
				AD585EDE2E1D6334003BB6D1 /* XCRemoteSwiftPackageReference "LicenseListWrapper" */,
			);
			preferredProjectObjectVersion = 77;
			productRefGroup = AD585E882E1D5EF1003BB6D1 /* Products */;
			projectDirPath = "";
			projectRoot = "";
			targets = (
				AD585E862E1D5EF1003BB6D1 /* Bestuff */,
				AD585E972E1D5EF3003BB6D1 /* BestuffTests */,
				AD585EA12E1D5EF3003BB6D1 /* BestuffUITests */,
			);
		};
/* End PBXProject section */

/* Begin PBXResourcesBuildPhase section */
		AD585E852E1D5EF1003BB6D1 /* Resources */ = {
			isa = PBXResourcesBuildPhase;
			buildActionMask = 2147483647;
			files = (
			);
			runOnlyForDeploymentPostprocessing = 0;
		};
		AD585E962E1D5EF3003BB6D1 /* Resources */ = {
			isa = PBXResourcesBuildPhase;
			buildActionMask = 2147483647;
			files = (
			);
			runOnlyForDeploymentPostprocessing = 0;
		};
		AD585EA02E1D5EF3003BB6D1 /* Resources */ = {
			isa = PBXResourcesBuildPhase;
			buildActionMask = 2147483647;
			files = (
			);
			runOnlyForDeploymentPostprocessing = 0;
		};
/* End PBXResourcesBuildPhase section */

/* Begin PBXSourcesBuildPhase section */
		AD585E832E1D5EF1003BB6D1 /* Sources */ = {
			isa = PBXSourcesBuildPhase;
			buildActionMask = 2147483647;
			files = (
			);
			runOnlyForDeploymentPostprocessing = 0;
		};
		AD585E942E1D5EF3003BB6D1 /* Sources */ = {
			isa = PBXSourcesBuildPhase;
			buildActionMask = 2147483647;
			files = (
			);
			runOnlyForDeploymentPostprocessing = 0;
		};
		AD585E9E2E1D5EF3003BB6D1 /* Sources */ = {
			isa = PBXSourcesBuildPhase;
			buildActionMask = 2147483647;
			files = (
			);
			runOnlyForDeploymentPostprocessing = 0;
		};
/* End PBXSourcesBuildPhase section */

/* Begin PBXTargetDependency section */
		AD585E9A2E1D5EF3003BB6D1 /* PBXTargetDependency */ = {
			isa = PBXTargetDependency;
			target = AD585E862E1D5EF1003BB6D1 /* Bestuff */;
			targetProxy = AD585E992E1D5EF3003BB6D1 /* PBXContainerItemProxy */;
		};
		AD585EA42E1D5EF3003BB6D1 /* PBXTargetDependency */ = {
			isa = PBXTargetDependency;
			target = AD585E862E1D5EF1003BB6D1 /* Bestuff */;
			targetProxy = AD585EA32E1D5EF3003BB6D1 /* PBXContainerItemProxy */;
		};
/* End PBXTargetDependency section */

/* Begin XCBuildConfiguration section */
		AD585EAC2E1D5EF3003BB6D1 /* Debug */ = {
			isa = XCBuildConfiguration;
			buildSettings = {
				ASSETCATALOG_COMPILER_APPICON_NAME = AppIcon;
				ASSETCATALOG_COMPILER_GLOBAL_ACCENT_COLOR_NAME = AccentColor;
				CODE_SIGN_STYLE = Automatic;
				CURRENT_PROJECT_VERSION = 1;
				DEVELOPMENT_TEAM = 66PKF55HK5;
				ENABLE_APP_SANDBOX = YES;
				ENABLE_HARDENED_RUNTIME = YES;
				ENABLE_PREVIEWS = YES;
				ENABLE_USER_SELECTED_FILES = readonly;
				GENERATE_INFOPLIST_FILE = YES;
				INFOPLIST_FILE = Bestuff/Info.plist;
				"INFOPLIST_KEY_UIApplicationSceneManifest_Generation[sdk=iphoneos*]" = YES;
				"INFOPLIST_KEY_UIApplicationSceneManifest_Generation[sdk=iphonesimulator*]" = YES;
				"INFOPLIST_KEY_UIApplicationSupportsIndirectInputEvents[sdk=iphoneos*]" = YES;
				"INFOPLIST_KEY_UIApplicationSupportsIndirectInputEvents[sdk=iphonesimulator*]" = YES;
				"INFOPLIST_KEY_UILaunchScreen_Generation[sdk=iphoneos*]" = YES;
				"INFOPLIST_KEY_UILaunchScreen_Generation[sdk=iphonesimulator*]" = YES;
				"INFOPLIST_KEY_UIStatusBarStyle[sdk=iphoneos*]" = UIStatusBarStyleDefault;
				"INFOPLIST_KEY_UIStatusBarStyle[sdk=iphonesimulator*]" = UIStatusBarStyleDefault;
				INFOPLIST_KEY_UISupportedInterfaceOrientations_iPad = "UIInterfaceOrientationPortrait UIInterfaceOrientationPortraitUpsideDown UIInterfaceOrientationLandscapeLeft UIInterfaceOrientationLandscapeRight";
				INFOPLIST_KEY_UISupportedInterfaceOrientations_iPhone = "UIInterfaceOrientationPortrait UIInterfaceOrientationLandscapeLeft UIInterfaceOrientationLandscapeRight";
				IPHONEOS_DEPLOYMENT_TARGET = 26.0;
				LD_RUNPATH_SEARCH_PATHS = "@executable_path/Frameworks";
				"LD_RUNPATH_SEARCH_PATHS[sdk=macosx*]" = "@executable_path/../Frameworks";
				MACOSX_DEPLOYMENT_TARGET = 26.0;
				MARKETING_VERSION = 1.0;
				PRODUCT_BUNDLE_IDENTIFIER = com.muhiro12.Bestuff;
				PRODUCT_NAME = "$(TARGET_NAME)";
				REGISTER_APP_GROUPS = YES;
				SDKROOT = auto;
				STRING_CATALOG_GENERATE_SYMBOLS = YES;
				SUPPORTED_PLATFORMS = "iphoneos iphonesimulator macosx xros xrsimulator";
				SWIFT_DEFAULT_ACTOR_ISOLATION = MainActor;
				SWIFT_EMIT_LOC_STRINGS = YES;
				SWIFT_UPCOMING_FEATURE_MEMBER_IMPORT_VISIBILITY = YES;
				SWIFT_VERSION = 6.0;
				TARGETED_DEVICE_FAMILY = "1,2,7";
				XROS_DEPLOYMENT_TARGET = 26.0;
			};
			name = Debug;
		};
		AD585EAD2E1D5EF3003BB6D1 /* Release */ = {
			isa = XCBuildConfiguration;
			buildSettings = {
				ASSETCATALOG_COMPILER_APPICON_NAME = AppIcon;
				ASSETCATALOG_COMPILER_GLOBAL_ACCENT_COLOR_NAME = AccentColor;
				CODE_SIGN_STYLE = Automatic;
				CURRENT_PROJECT_VERSION = 1;
				DEVELOPMENT_TEAM = 66PKF55HK5;
				ENABLE_APP_SANDBOX = YES;
				ENABLE_HARDENED_RUNTIME = YES;
				ENABLE_PREVIEWS = YES;
				ENABLE_USER_SELECTED_FILES = readonly;
				GENERATE_INFOPLIST_FILE = YES;
				INFOPLIST_FILE = Bestuff/Info.plist;
				"INFOPLIST_KEY_UIApplicationSceneManifest_Generation[sdk=iphoneos*]" = YES;
				"INFOPLIST_KEY_UIApplicationSceneManifest_Generation[sdk=iphonesimulator*]" = YES;
				"INFOPLIST_KEY_UIApplicationSupportsIndirectInputEvents[sdk=iphoneos*]" = YES;
				"INFOPLIST_KEY_UIApplicationSupportsIndirectInputEvents[sdk=iphonesimulator*]" = YES;
				"INFOPLIST_KEY_UILaunchScreen_Generation[sdk=iphoneos*]" = YES;
				"INFOPLIST_KEY_UILaunchScreen_Generation[sdk=iphonesimulator*]" = YES;
				"INFOPLIST_KEY_UIStatusBarStyle[sdk=iphoneos*]" = UIStatusBarStyleDefault;
				"INFOPLIST_KEY_UIStatusBarStyle[sdk=iphonesimulator*]" = UIStatusBarStyleDefault;
				INFOPLIST_KEY_UISupportedInterfaceOrientations_iPad = "UIInterfaceOrientationPortrait UIInterfaceOrientationPortraitUpsideDown UIInterfaceOrientationLandscapeLeft UIInterfaceOrientationLandscapeRight";
				INFOPLIST_KEY_UISupportedInterfaceOrientations_iPhone = "UIInterfaceOrientationPortrait UIInterfaceOrientationLandscapeLeft UIInterfaceOrientationLandscapeRight";
				IPHONEOS_DEPLOYMENT_TARGET = 26.0;
				LD_RUNPATH_SEARCH_PATHS = "@executable_path/Frameworks";
				"LD_RUNPATH_SEARCH_PATHS[sdk=macosx*]" = "@executable_path/../Frameworks";
				MACOSX_DEPLOYMENT_TARGET = 26.0;
				MARKETING_VERSION = 1.0;
				PRODUCT_BUNDLE_IDENTIFIER = com.muhiro12.Bestuff;
				PRODUCT_NAME = "$(TARGET_NAME)";
				REGISTER_APP_GROUPS = YES;
				SDKROOT = auto;
				STRING_CATALOG_GENERATE_SYMBOLS = YES;
				SUPPORTED_PLATFORMS = "iphoneos iphonesimulator macosx xros xrsimulator";
				SWIFT_DEFAULT_ACTOR_ISOLATION = MainActor;
				SWIFT_EMIT_LOC_STRINGS = YES;
				SWIFT_UPCOMING_FEATURE_MEMBER_IMPORT_VISIBILITY = YES;
				SWIFT_VERSION = 6.0;
				TARGETED_DEVICE_FAMILY = "1,2,7";
				XROS_DEPLOYMENT_TARGET = 26.0;
			};
			name = Release;
		};
		AD585EAE2E1D5EF3003BB6D1 /* Debug */ = {
			isa = XCBuildConfiguration;
			buildSettings = {
				ALWAYS_SEARCH_USER_PATHS = NO;
				ASSETCATALOG_COMPILER_GENERATE_SWIFT_ASSET_SYMBOL_EXTENSIONS = YES;
				CLANG_ANALYZER_NONNULL = YES;
				CLANG_ANALYZER_NUMBER_OBJECT_CONVERSION = YES_AGGRESSIVE;
				CLANG_CXX_LANGUAGE_STANDARD = "gnu++20";
				CLANG_ENABLE_MODULES = YES;
				CLANG_ENABLE_OBJC_ARC = YES;
				CLANG_ENABLE_OBJC_WEAK = YES;
				CLANG_WARN_BLOCK_CAPTURE_AUTORELEASING = YES;
				CLANG_WARN_BOOL_CONVERSION = YES;
				CLANG_WARN_COMMA = YES;
				CLANG_WARN_CONSTANT_CONVERSION = YES;
				CLANG_WARN_DEPRECATED_OBJC_IMPLEMENTATIONS = YES;
				CLANG_WARN_DIRECT_OBJC_ISA_USAGE = YES_ERROR;
				CLANG_WARN_DOCUMENTATION_COMMENTS = YES;
				CLANG_WARN_EMPTY_BODY = YES;
				CLANG_WARN_ENUM_CONVERSION = YES;
				CLANG_WARN_INFINITE_RECURSION = YES;
				CLANG_WARN_INT_CONVERSION = YES;
				CLANG_WARN_NON_LITERAL_NULL_CONVERSION = YES;
				CLANG_WARN_OBJC_IMPLICIT_RETAIN_SELF = YES;
				CLANG_WARN_OBJC_LITERAL_CONVERSION = YES;
				CLANG_WARN_OBJC_ROOT_CLASS = YES_ERROR;
				CLANG_WARN_QUOTED_INCLUDE_IN_FRAMEWORK_HEADER = YES;
				CLANG_WARN_RANGE_LOOP_ANALYSIS = YES;
				CLANG_WARN_STRICT_PROTOTYPES = YES;
				CLANG_WARN_SUSPICIOUS_MOVE = YES;
				CLANG_WARN_UNGUARDED_AVAILABILITY = YES_AGGRESSIVE;
				CLANG_WARN_UNREACHABLE_CODE = YES;
				CLANG_WARN__DUPLICATE_METHOD_MATCH = YES;
				COPY_PHASE_STRIP = NO;
				DEBUG_INFORMATION_FORMAT = dwarf;
				DEVELOPMENT_TEAM = 66PKF55HK5;
				ENABLE_STRICT_OBJC_MSGSEND = YES;
				ENABLE_TESTABILITY = YES;
				ENABLE_USER_SCRIPT_SANDBOXING = YES;
				GCC_C_LANGUAGE_STANDARD = gnu17;
				GCC_DYNAMIC_NO_PIC = NO;
				GCC_NO_COMMON_BLOCKS = YES;
				GCC_OPTIMIZATION_LEVEL = 0;
				GCC_PREPROCESSOR_DEFINITIONS = (
					"DEBUG=1",
					"$(inherited)",
				);
				GCC_WARN_64_TO_32_BIT_CONVERSION = YES;
				GCC_WARN_ABOUT_RETURN_TYPE = YES_ERROR;
				GCC_WARN_UNDECLARED_SELECTOR = YES;
				GCC_WARN_UNINITIALIZED_AUTOS = YES_AGGRESSIVE;
				GCC_WARN_UNUSED_FUNCTION = YES;
				GCC_WARN_UNUSED_VARIABLE = YES;
				LOCALIZATION_PREFERS_STRING_CATALOGS = YES;
				MTL_ENABLE_DEBUG_INFO = INCLUDE_SOURCE;
				MTL_FAST_MATH = YES;
				ONLY_ACTIVE_ARCH = YES;
				SWIFT_ACTIVE_COMPILATION_CONDITIONS = "DEBUG $(inherited)";
				SWIFT_OPTIMIZATION_LEVEL = "-Onone";
			};
			name = Debug;
		};
		AD585EAF2E1D5EF3003BB6D1 /* Release */ = {
			isa = XCBuildConfiguration;
			buildSettings = {
				ALWAYS_SEARCH_USER_PATHS = NO;
				ASSETCATALOG_COMPILER_GENERATE_SWIFT_ASSET_SYMBOL_EXTENSIONS = YES;
				CLANG_ANALYZER_NONNULL = YES;
				CLANG_ANALYZER_NUMBER_OBJECT_CONVERSION = YES_AGGRESSIVE;
				CLANG_CXX_LANGUAGE_STANDARD = "gnu++20";
				CLANG_ENABLE_MODULES = YES;
				CLANG_ENABLE_OBJC_ARC = YES;
				CLANG_ENABLE_OBJC_WEAK = YES;
				CLANG_WARN_BLOCK_CAPTURE_AUTORELEASING = YES;
				CLANG_WARN_BOOL_CONVERSION = YES;
				CLANG_WARN_COMMA = YES;
				CLANG_WARN_CONSTANT_CONVERSION = YES;
				CLANG_WARN_DEPRECATED_OBJC_IMPLEMENTATIONS = YES;
				CLANG_WARN_DIRECT_OBJC_ISA_USAGE = YES_ERROR;
				CLANG_WARN_DOCUMENTATION_COMMENTS = YES;
				CLANG_WARN_EMPTY_BODY = YES;
				CLANG_WARN_ENUM_CONVERSION = YES;
				CLANG_WARN_INFINITE_RECURSION = YES;
				CLANG_WARN_INT_CONVERSION = YES;
				CLANG_WARN_NON_LITERAL_NULL_CONVERSION = YES;
				CLANG_WARN_OBJC_IMPLICIT_RETAIN_SELF = YES;
				CLANG_WARN_OBJC_LITERAL_CONVERSION = YES;
				CLANG_WARN_OBJC_ROOT_CLASS = YES_ERROR;
				CLANG_WARN_QUOTED_INCLUDE_IN_FRAMEWORK_HEADER = YES;
				CLANG_WARN_RANGE_LOOP_ANALYSIS = YES;
				CLANG_WARN_STRICT_PROTOTYPES = YES;
				CLANG_WARN_SUSPICIOUS_MOVE = YES;
				CLANG_WARN_UNGUARDED_AVAILABILITY = YES_AGGRESSIVE;
				CLANG_WARN_UNREACHABLE_CODE = YES;
				CLANG_WARN__DUPLICATE_METHOD_MATCH = YES;
				COPY_PHASE_STRIP = NO;
				DEBUG_INFORMATION_FORMAT = "dwarf-with-dsym";
				DEVELOPMENT_TEAM = 66PKF55HK5;
				ENABLE_NS_ASSERTIONS = NO;
				ENABLE_STRICT_OBJC_MSGSEND = YES;
				ENABLE_USER_SCRIPT_SANDBOXING = YES;
				GCC_C_LANGUAGE_STANDARD = gnu17;
				GCC_NO_COMMON_BLOCKS = YES;
				GCC_WARN_64_TO_32_BIT_CONVERSION = YES;
				GCC_WARN_ABOUT_RETURN_TYPE = YES_ERROR;
				GCC_WARN_UNDECLARED_SELECTOR = YES;
				GCC_WARN_UNINITIALIZED_AUTOS = YES_AGGRESSIVE;
				GCC_WARN_UNUSED_FUNCTION = YES;
				GCC_WARN_UNUSED_VARIABLE = YES;
				LOCALIZATION_PREFERS_STRING_CATALOGS = YES;
				MTL_ENABLE_DEBUG_INFO = NO;
				MTL_FAST_MATH = YES;
				SWIFT_COMPILATION_MODE = wholemodule;
			};
			name = Release;
		};
		AD585EB12E1D5EF3003BB6D1 /* Debug */ = {
			isa = XCBuildConfiguration;
			buildSettings = {
				BUNDLE_LOADER = "$(TEST_HOST)";
				CODE_SIGN_STYLE = Automatic;
				CURRENT_PROJECT_VERSION = 1;
				DEVELOPMENT_TEAM = 66PKF55HK5;
				GENERATE_INFOPLIST_FILE = YES;
				IPHONEOS_DEPLOYMENT_TARGET = 26.0;
				MACOSX_DEPLOYMENT_TARGET = 26.0;
				MARKETING_VERSION = 1.0;
				PRODUCT_BUNDLE_IDENTIFIER = com.muhiro12.BestuffTests;
				PRODUCT_NAME = "$(TARGET_NAME)";
				SDKROOT = auto;
				STRING_CATALOG_GENERATE_SYMBOLS = NO;
				SUPPORTED_PLATFORMS = "iphoneos iphonesimulator macosx xros xrsimulator";
				SWIFT_EMIT_LOC_STRINGS = NO;
				SWIFT_UPCOMING_FEATURE_MEMBER_IMPORT_VISIBILITY = YES;
				SWIFT_VERSION = 5.0;
				TARGETED_DEVICE_FAMILY = "1,2,7";
				TEST_HOST = "$(BUILT_PRODUCTS_DIR)/Bestuff.app/$(BUNDLE_EXECUTABLE_FOLDER_PATH)/Bestuff";
				XROS_DEPLOYMENT_TARGET = 26.0;
			};
			name = Debug;
		};
		AD585EB22E1D5EF3003BB6D1 /* Release */ = {
			isa = XCBuildConfiguration;
			buildSettings = {
				BUNDLE_LOADER = "$(TEST_HOST)";
				CODE_SIGN_STYLE = Automatic;
				CURRENT_PROJECT_VERSION = 1;
				DEVELOPMENT_TEAM = 66PKF55HK5;
				GENERATE_INFOPLIST_FILE = YES;
				IPHONEOS_DEPLOYMENT_TARGET = 26.0;
				MACOSX_DEPLOYMENT_TARGET = 26.0;
				MARKETING_VERSION = 1.0;
				PRODUCT_BUNDLE_IDENTIFIER = com.muhiro12.BestuffTests;
				PRODUCT_NAME = "$(TARGET_NAME)";
				SDKROOT = auto;
				STRING_CATALOG_GENERATE_SYMBOLS = NO;
				SUPPORTED_PLATFORMS = "iphoneos iphonesimulator macosx xros xrsimulator";
				SWIFT_EMIT_LOC_STRINGS = NO;
				SWIFT_UPCOMING_FEATURE_MEMBER_IMPORT_VISIBILITY = YES;
				SWIFT_VERSION = 5.0;
				TARGETED_DEVICE_FAMILY = "1,2,7";
				TEST_HOST = "$(BUILT_PRODUCTS_DIR)/Bestuff.app/$(BUNDLE_EXECUTABLE_FOLDER_PATH)/Bestuff";
				XROS_DEPLOYMENT_TARGET = 26.0;
			};
			name = Release;
		};
		AD585EB42E1D5EF3003BB6D1 /* Debug */ = {
			isa = XCBuildConfiguration;
			buildSettings = {
				CODE_SIGN_STYLE = Automatic;
				CURRENT_PROJECT_VERSION = 1;
				DEVELOPMENT_TEAM = 66PKF55HK5;
				GENERATE_INFOPLIST_FILE = YES;
				IPHONEOS_DEPLOYMENT_TARGET = 26.0;
				MACOSX_DEPLOYMENT_TARGET = 26.0;
				MARKETING_VERSION = 1.0;
				PRODUCT_BUNDLE_IDENTIFIER = com.muhiro12.BestuffUITests;
				PRODUCT_NAME = "$(TARGET_NAME)";
				SDKROOT = auto;
				STRING_CATALOG_GENERATE_SYMBOLS = NO;
				SUPPORTED_PLATFORMS = "iphoneos iphonesimulator macosx xros xrsimulator";
				SWIFT_EMIT_LOC_STRINGS = NO;
				SWIFT_UPCOMING_FEATURE_MEMBER_IMPORT_VISIBILITY = YES;
				SWIFT_VERSION = 5.0;
				TARGETED_DEVICE_FAMILY = "1,2,7";
				TEST_TARGET_NAME = Bestuff;
				XROS_DEPLOYMENT_TARGET = 26.0;
			};
			name = Debug;
		};
		AD585EB52E1D5EF3003BB6D1 /* Release */ = {
			isa = XCBuildConfiguration;
			buildSettings = {
				CODE_SIGN_STYLE = Automatic;
				CURRENT_PROJECT_VERSION = 1;
				DEVELOPMENT_TEAM = 66PKF55HK5;
				GENERATE_INFOPLIST_FILE = YES;
				IPHONEOS_DEPLOYMENT_TARGET = 26.0;
				MACOSX_DEPLOYMENT_TARGET = 26.0;
				MARKETING_VERSION = 1.0;
				PRODUCT_BUNDLE_IDENTIFIER = com.muhiro12.BestuffUITests;
				PRODUCT_NAME = "$(TARGET_NAME)";
				SDKROOT = auto;
				STRING_CATALOG_GENERATE_SYMBOLS = NO;
				SUPPORTED_PLATFORMS = "iphoneos iphonesimulator macosx xros xrsimulator";
				SWIFT_EMIT_LOC_STRINGS = NO;
				SWIFT_UPCOMING_FEATURE_MEMBER_IMPORT_VISIBILITY = YES;
				SWIFT_VERSION = 5.0;
				TARGETED_DEVICE_FAMILY = "1,2,7";
				TEST_TARGET_NAME = Bestuff;
				XROS_DEPLOYMENT_TARGET = 26.0;
			};
			name = Release;
		};
/* End XCBuildConfiguration section */

/* Begin XCConfigurationList section */
		AD585E822E1D5EF1003BB6D1 /* Build configuration list for PBXProject "Bestuff" */ = {
			isa = XCConfigurationList;
			buildConfigurations = (
				AD585EAE2E1D5EF3003BB6D1 /* Debug */,
				AD585EAF2E1D5EF3003BB6D1 /* Release */,
			);
			defaultConfigurationIsVisible = 0;
			defaultConfigurationName = Release;
		};
		AD585EAB2E1D5EF3003BB6D1 /* Build configuration list for PBXNativeTarget "Bestuff" */ = {
			isa = XCConfigurationList;
			buildConfigurations = (
				AD585EAC2E1D5EF3003BB6D1 /* Debug */,
				AD585EAD2E1D5EF3003BB6D1 /* Release */,
			);
			defaultConfigurationIsVisible = 0;
			defaultConfigurationName = Release;
		};
		AD585EB02E1D5EF3003BB6D1 /* Build configuration list for PBXNativeTarget "BestuffTests" */ = {
			isa = XCConfigurationList;
			buildConfigurations = (
				AD585EB12E1D5EF3003BB6D1 /* Debug */,
				AD585EB22E1D5EF3003BB6D1 /* Release */,
			);
			defaultConfigurationIsVisible = 0;
			defaultConfigurationName = Release;
		};
		AD585EB32E1D5EF3003BB6D1 /* Build configuration list for PBXNativeTarget "BestuffUITests" */ = {
			isa = XCConfigurationList;
			buildConfigurations = (
				AD585EB42E1D5EF3003BB6D1 /* Debug */,
				AD585EB52E1D5EF3003BB6D1 /* Release */,
			);
			defaultConfigurationIsVisible = 0;
			defaultConfigurationName = Release;
		};
/* End XCConfigurationList section */

/* Begin XCRemoteSwiftPackageReference section */
		AD585ED82E1D62FD003BB6D1 /* XCRemoteSwiftPackageReference "SwiftUtilities" */ = {
			isa = XCRemoteSwiftPackageReference;
			repositoryURL = "https://github.com/muhiro12/SwiftUtilities.git";
			requirement = {
				kind = upToNextMajorVersion;
				minimumVersion = 1.0.0;
			};
		};
		AD585EDB2E1D631B003BB6D1 /* XCRemoteSwiftPackageReference "StoreKitWrapper" */ = {
			isa = XCRemoteSwiftPackageReference;
			repositoryURL = "https://github.com/muhiro12/StoreKitWrapper";
			requirement = {
				kind = upToNextMajorVersion;
				minimumVersion = 1.0.0;
			};
		};
		AD585EDE2E1D6334003BB6D1 /* XCRemoteSwiftPackageReference "LicenseListWrapper" */ = {
			isa = XCRemoteSwiftPackageReference;
			repositoryURL = "https://github.com/muhiro12/LicenseListWrapper";
			requirement = {
				kind = upToNextMajorVersion;
				minimumVersion = 1.0.0;
			};
		};
/* End XCRemoteSwiftPackageReference section */

/* Begin XCSwiftPackageProductDependency section */
		AD585ED92E1D62FD003BB6D1 /* SwiftUtilities */ = {
			isa = XCSwiftPackageProductDependency;
			package = AD585ED82E1D62FD003BB6D1 /* XCRemoteSwiftPackageReference "SwiftUtilities" */;
			productName = SwiftUtilities;
		};
		AD585EDC2E1D631B003BB6D1 /* StoreKitWrapper */ = {
			isa = XCSwiftPackageProductDependency;
			package = AD585EDB2E1D631B003BB6D1 /* XCRemoteSwiftPackageReference "StoreKitWrapper" */;
			productName = StoreKitWrapper;
		};
		AD585EDF2E1D6334003BB6D1 /* LicenseListWrapper */ = {
			isa = XCSwiftPackageProductDependency;
			package = AD585EDE2E1D6334003BB6D1 /* XCRemoteSwiftPackageReference "LicenseListWrapper" */;
			productName = LicenseListWrapper;
		};
/* End XCSwiftPackageProductDependency section */
	};
	rootObject = AD585E7F2E1D5EF1003BB6D1 /* Project object */;
}
