{
  "originHash" : "4155a09c99cd644bc67d72eae5009c9a03c57537ba44ed1c8e687a80b813cceb",
  "pins" : [
    {
      "identity" : "licenselist",
      "kind" : "remoteSourceControl",
      "location" : "https://github.com/cybozu/LicenseList.git",
      "state" : {
        "revision" : "56f1b5724138e4d9f60453b555edc80e43805503",
        "version" : "2.2.0"
      }
    },
    {
      "identity" : "licenselistwrapper",
      "kind" : "remoteSourceControl",
      "location" : "https://github.com/muhiro12/LicenseListWrapper",
      "state" : {
        "revision" : "d760514bee0ba669db4aed8362d64a64ff17810d",
        "version" : "1.1.0"
      }
    },
    {
      "identity" : "speechwrapper",
      "kind" : "remoteSourceControl",
      "location" : "https://github.com/muhiro12/SpeechWrapper",
      "state" : {
        "revision" : "e04e7ea7af05e8048ba9ef087766b2c3c200819f",
        "version" : "1.1.0"
      }
    },
    {
      "identity" : "storekitwrapper",
      "kind" : "remoteSourceControl",
      "location" : "https://github.com/muhiro12/StoreKitWrapper",
      "state" : {
        "revision" : "7955f34b7b7e6757e474a6991f1b3e62f8971cb2",
        "version" : "1.0.0"
      }
    },
    {
      "identity" : "swiftapputilities",
      "kind" : "remoteSourceControl",
      "location" : "https://github.com/muhiro12/SwiftAppUtilities",
      "state" : {
        "revision" : "33ef526c02ca4e4691935264b13bf1e4f8f516be",
        "version" : "1.1.0"
      }
    },
    {
      "identity" : "swiftutilities",
      "kind" : "remoteSourceControl",
      "location" : "https://github.com/muhiro12/SwiftUtilities",
      "state" : {
        "revision" : "ce7b3189527af0e90e79587800769c948d8e3132",
        "version" : "1.28.0"
      }
    }
  ],
  "version" : 3
}
