{
  "originHash" : "a24741ce7baa44b29e1b3a0c54552855b41dba1573d0adccbf2fba9d8c5f566d",
  "pins" : [
    {
      "identity" : "licenselist",
      "kind" : "remoteSourceControl",
      "location" : "https://github.com/cybozu/LicenseList.git",
      "state" : {
        "revision" : "a0a1784aa60dcdafbc30cb2ffbac90544b46100a",
        "version" : "2.1.0"
      }
    },
    {
      "identity" : "licenselistwrapper",
      "kind" : "remoteSourceControl",
      "location" : "https://github.com/muhiro12/LicenseListWrapper",
      "state" : {
        "revision" : "d760514bee0ba669db4aed8362d64a64ff17810d",
        "version" : "1.1.0"
      }
    },
    {
      "identity" : "storekitwrapper",
      "kind" : "remoteSourceControl",
      "location" : "https://github.com/muhiro12/StoreKitWrapper",
      "state" : {
        "revision" : "7955f34b7b7e6757e474a6991f1b3e62f8971cb2",
        "version" : "1.0.0"
      }
    },
    {
      "identity" : "swiftutilities",
      "kind" : "remoteSourceControl",
      "location" : "https://github.com/muhiro12/SwiftUtilities.git",
      "state" : {
        "revision" : "00ba0b0ad16e0899780132c30753a5893ed2b802",
        "version" : "1.22.0"
      }
    }
  ],
  "version" : 3
}
