{
  "originHash" : "08eca2fbd2613a5535b598b266ea480567daf5a2a0e5b601d27a9bae6af3ff4f",
  "pins" : [
    {
      "identity" : "licenselist",
      "kind" : "remoteSourceControl",
      "location" : "https://github.com/cybozu/LicenseList.git",
      "state" : {
        "revision" : "a0a1784aa60dcdafbc30cb2ffbac90544b46100a",
        "version" : "2.1.0"
      }
    },
    {
      "identity" : "licenselistwrapper",
      "kind" : "remoteSourceControl",
      "location" : "https://github.com/muhiro12/LicenseListWrapper",
      "state" : {
        "revision" : "d760514bee0ba669db4aed8362d64a64ff17810d",
        "version" : "1.1.0"
      }
    },
    {
      "identity" : "speechwrapper",
      "kind" : "remoteSourceControl",
      "location" : "https://github.com/muhiro12/SpeechWrapper",
      "state" : {
        "revision" : "18b69425517fa6221a358f5f80a312ad78b0d8dd",
        "version" : "1.0.0"
      }
    },
    {
      "identity" : "storekitwrapper",
      "kind" : "remoteSourceControl",
      "location" : "https://github.com/muhiro12/StoreKitWrapper",
      "state" : {
        "revision" : "7955f34b7b7e6757e474a6991f1b3e62f8971cb2",
        "version" : "1.0.0"
      }
    },
    {
      "identity" : "swiftapputilities",
      "kind" : "remoteSourceControl",
      "location" : "https://github.com/muhiro12/SwiftAppUtilities",
      "state" : {
        "revision" : "96d7ad0f9bb82bc809b878eeaa2383e30ccebefc",
        "version" : "1.0.0"
      }
    },
    {
      "identity" : "swiftutilities",
      "kind" : "remoteSourceControl",
      "location" : "https://github.com/muhiro12/SwiftUtilities",
      "state" : {
        "revision" : "ce7b3189527af0e90e79587800769c948d8e3132",
        "version" : "1.28.0"
      }
    }
  ],
  "version" : 3
}
